
Microsoft Visual Studio Solution File, Format Version 12.00
# Visual Studio Version 16
VisualStudioVersion = 16.0.31019.35
MinimumVisualStudioVersion = 10.0.40219.1
Project("{FAE04EC0-301F-11D3-BF4B-00C04F79EFBC}") = "MasterDetail.Android", "MasterDetail\MasterDetail.Android\MasterDetail.Android.csproj", "{23BC818E-0BED-48B4-8146-AEAFDB6AFC9B}"
EndProject
Project("{FAE04EC0-301F-11D3-BF4B-00C04F79EFBC}") = "MasterDetail", "MasterDetail\MasterDetail\MasterDetail.csproj", "{A0C312A3-7853-4200-BFF3-10793BA6731D}"
EndProject
Global
	GlobalSection(SolutionConfigurationPlatforms) = preSolution
		Debug|Any CPU = Debug|Any CPU
		Release|Any CPU = Release|Any CPU
	EndGlobalSection
	GlobalSection(ProjectConfigurationPlatforms) = postSolution
		{23BC818E-0BED-48B4-8146-AEAFDB6AFC9B}.Debug|Any CPU.ActiveCfg = Debug|Any CPU
		{23BC818E-0BED-48B4-8146-AEAFDB6AFC9B}.Debug|Any CPU.Build.0 = Debug|Any CPU
		{23BC818E-0BED-48B4-8146-AEAFDB6AFC9B}.Debug|Any CPU.Deploy.0 = Debug|Any CPU
		{23BC818E-0BED-48B4-8146-AEAFDB6AFC9B}.Release|Any CPU.ActiveCfg = Release|Any CPU
		{23BC818E-0BED-48B4-8146-AEAFDB6AFC9B}.Release|Any CPU.Build.0 = Release|Any CPU
		{23BC818E-0BED-48B4-8146-AEAFDB6AFC9B}.Release|Any CPU.Deploy.0 = Release|Any CPU
		{A0C312A3-7853-4200-BFF3-10793BA6731D}.Debug|Any CPU.ActiveCfg = Debug|Any CPU
		{A0C312A3-7853-4200-BFF3-10793BA6731D}.Debug|Any CPU.Build.0 = Debug|Any CPU
		{A0C312A3-7853-4200-BFF3-10793BA6731D}.Debug|Any CPU.Deploy.0 = Debug|Any CPU
		{A0C312A3-7853-4200-BFF3-10793BA6731D}.Release|Any CPU.ActiveCfg = Release|Any CPU
		{A0C312A3-7853-4200-BFF3-10793BA6731D}.Release|Any CPU.Build.0 = Release|Any CPU
		{A0C312A3-7853-4200-BFF3-10793BA6731D}.Release|Any CPU.Deploy.0 = Release|Any CPU
	EndGlobalSection
	GlobalSection(SolutionProperties) = preSolution
		HideSolutionNode = FALSE
	EndGlobalSection
	GlobalSection(ExtensibilityGlobals) = postSolution
		SolutionGuid = {EA54D5D6-7B04-41AE-9BED-4307A46D3FC3}
	EndGlobalSection
EndGlobal
